
Microsoft Visual Studio Solution File, Format Version 12.00
# Visual Studio Version 17
VisualStudioVersion = 17.7.34024.191
MinimumVisualStudioVersion = 10.0.40219.1
Project("{FAE04EC0-301F-11D3-BF4B-00C04F79EFBC}") = "Tyuiu.ZyryanovAA.ConsoleApp.Lab0.V0", "Tyuiu.ZyryanovAA.ConsoleApp.Lab0.V0\Tyuiu.ZyryanovAA.ConsoleApp.Lab0.V0.csproj", "{74D5A873-A8CC-4520-B252-71C9E540481D}"
EndProject
Project("{FAE04EC0-301F-11D3-BF4B-00C04F79EFBC}") = "Tyuiu.ZyryanovAA.ConsoleApp.Lab0.V0.Lib", "Tyuiu.ZyryanovAA.ConsoleApp.Lab0.V0.Lib\Tyuiu.ZyryanovAA.ConsoleApp.Lab0.V0.Lib.csproj", "{67EFB368-71E9-4503-9831-589BC0DFA361}"
EndProject
Project("{FAE04EC0-301F-11D3-BF4B-00C04F79EFBC}") = "Tyuiu.ZyryanovAA.ConsoleApp.Lab0.V0.Test", "Tyuiu.ZyryanovAA.ConsoleApp.Lab0.V0.Test\Tyuiu.ZyryanovAA.ConsoleApp.Lab0.V0.Test.csproj", "{B5CF82D5-8A79-4C02-9B8A-4BB1717F3FB9}"
EndProject
Project("{2150E333-8FDC-42A3-9474-1A3956D46DE8}") = "Lab0", "Lab0", "{A91682EB-9727-46A6-8673-785F68E9BF4F}"
EndProject
Project("{2150E333-8FDC-42A3-9474-1A3956D46DE8}") = "Lab2", "Lab2", "{B6A6F720-F58A-4DE9-A253-006A73214B28}"
EndProject
Project("{FAE04EC0-301F-11D3-BF4B-00C04F79EFBC}") = "Tyuiu.ZyryanovAA.ConsoleApp.Lab2.V6", "Tyuiu.ZyryanovAA.ConsoleApp.Lab2.V6\Tyuiu.ZyryanovAA.ConsoleApp.Lab2.V6.csproj", "{2A019D42-E70A-4FE8-BA88-96CDA28AA024}"
EndProject
Project("{FAE04EC0-301F-11D3-BF4B-00C04F79EFBC}") = "Tyuiu.ZyryanovAA.ConsoleApp.Lab2.V6.Lib", "Tyuiu.ZyryanovAA.ConsoleApp.Lab2.V6.Lib\Tyuiu.ZyryanovAA.ConsoleApp.Lab2.V6.Lib.csproj", "{E4C15644-9F26-4096-8159-710CF840662C}"
EndProject
Project("{FAE04EC0-301F-11D3-BF4B-00C04F79EFBC}") = "Tyuiu.ZyryanovAA.ConsoleApp.Lab2.V6.Test1", "Tyuiu.ZyryanovAA.ConsoleApp.Lab2.V6.Test1\Tyuiu.ZyryanovAA.ConsoleApp.Lab2.V6.Test1.csproj", "{F87E078B-E2EC-4CC6-920F-F7055AA30AC3}"
EndProject
Project("{2150E333-8FDC-42A3-9474-1A3956D46DE8}") = "Lab1", "Lab1", "{CD849A10-5C0C-4D26-8765-583626E6911D}"
EndProject
Project("{FAE04EC0-301F-11D3-BF4B-00C04F79EFBC}") = "Tyuiu.ZyryanovAA.ConsoleApp.Lab1.V1", "Tyuiu.ZyryanovAA.ConsoleApp.Lab1.V1\Tyuiu.ZyryanovAA.ConsoleApp.Lab1.V1.csproj", "{3CDEA206-0B30-4D74-B416-D41C42061685}"
EndProject
Project("{FAE04EC0-301F-11D3-BF4B-00C04F79EFBC}") = "Tyuiu.ZyryanovAA.ConsoleApp.Lab1.V1.Lib", "Tyuiu.ZyryanovAA.ConsoleApp.Lab1.V1.Lib\Tyuiu.ZyryanovAA.ConsoleApp.Lab1.V1.Lib.csproj", "{499D170D-E96E-40AA-9C2D-5F4CE2475D6D}"
EndProject
Project("{FAE04EC0-301F-11D3-BF4B-00C04F79EFBC}") = "Tyuiu.ZyryanovAA.ConsoleApp.Lab1.V1.Test1", "Tyuiu.ZyryanovAA.ConsoleApp.Lab1.V1.Test1\Tyuiu.ZyryanovAA.ConsoleApp.Lab1.V1.Test1.csproj", "{4C63D3DB-5B8A-4B14-A393-E92C6907462E}"
EndProject
Project("{2150E333-8FDC-42A3-9474-1A3956D46DE8}") = "Lab3", "Lab3", "{F50580C2-728D-4ACD-A603-863FA14E6770}"
EndProject
Project("{FAE04EC0-301F-11D3-BF4B-00C04F79EFBC}") = "Tyuiu.ZyryanovAA.ConsoleApp.Lab3.V0.Test", "Tyuiu.ZyryanovAA.ConsoleApp.Lab3.V0.Lib\Tyuiu.ZyryanovAA.ConsoleApp.Lab3.V0.Test.csproj", "{0A28C8A3-5917-43A4-81C4-F0A6799064D6}"
EndProject
Project("{FAE04EC0-301F-11D3-BF4B-00C04F79EFBC}") = "Tyuiu.ZyryanovAA.ConsoleApp.Lab3.V0.Lib1", "Tyuiu.ZyryanovAA.ConsoleApp.Lab3.V0.Lib1\Tyuiu.ZyryanovAA.ConsoleApp.Lab3.V0.Lib1.csproj", "{F13D8731-CD2E-45BD-9DEC-01E1FAFF522E}"
EndProject
Project("{FAE04EC0-301F-11D3-BF4B-00C04F79EFBC}") = "Tyuiu.ZyryanovAA.ConsoleApp.Lab3.V0", "Tyuiu.ZyryanovAA.ConsoleApp.Lab3.V0\Tyuiu.ZyryanovAA.ConsoleApp.Lab3.V0.csproj", "{CF7AA80A-850F-4E36-956F-F300AFEEF9BE}"
EndProject
Project("{FAE04EC0-301F-11D3-BF4B-00C04F79EFBC}") = "Tyuiu.ZyryanovAA.ConsoleApp.Lab3.V6.Lib", "Tyuiu.ZyryanovAA.ConsoleApp.Lab3.V6.Lib\Tyuiu.ZyryanovAA.ConsoleApp.Lab3.V6.Lib.csproj", "{EB7A3991-B9D3-412B-9D44-B7733757BB64}"
EndProject
Project("{FAE04EC0-301F-11D3-BF4B-00C04F79EFBC}") = "Tyuiu.ZyryanovAA.ConsoleApp.Lab3.V6.Test", "Tyuiu.ZyryanovAA.ConsoleApp.Lab3.V6.Test\Tyuiu.ZyryanovAA.ConsoleApp.Lab3.V6.Test.csproj", "{8C619DFC-D244-4C04-B07D-96C69C6AC1FD}"
EndProject
Project("{FAE04EC0-301F-11D3-BF4B-00C04F79EFBC}") = "Tyuiu.ZyryanovAA.ConsoleApp.Lab3.V6.1", "Tyuiu.ZyryanovAA.ConsoleApp.Lab3.V6.1\Tyuiu.ZyryanovAA.ConsoleApp.Lab3.V6.1.csproj", "{84CCFFFC-CA73-4BF2-BA22-D185D5B668EA}"
EndProject
Project("{2150E333-8FDC-42A3-9474-1A3956D46DE8}") = "Lab4", "Lab4", "{12C5AF76-4EDE-4AD9-AF9B-70C2C7B794BF}"
EndProject
Project("{FAE04EC0-301F-11D3-BF4B-00C04F79EFBC}") = "Tyuiu.ZyryanovAA.ZyryanovAA.Lab4.V6", "Tyuiu.ZyryanovAA.ZyryanovAA.Lab4.V6\Tyuiu.ZyryanovAA.ZyryanovAA.Lab4.V6.csproj", "{69B6DB22-A6D7-4E6A-93C2-3AE6E230FEE3}"
EndProject
Project("{FAE04EC0-301F-11D3-BF4B-00C04F79EFBC}") = "Tyuiu.ZyryanovAA.ZyryanovAA.Lab4.V6.Lib", "Tyuiu.ZyryanovAA.ZyryanovAA.Lab4.V6.Lib\Tyuiu.ZyryanovAA.ZyryanovAA.Lab4.V6.Lib.csproj", "{0633B3DC-209C-4386-BDED-2FC965115702}"
EndProject
Project("{FAE04EC0-301F-11D3-BF4B-00C04F79EFBC}") = "Tyuiu.ZyryanovAA.ZyryanovAA.Lab4.V6.Test", "Tyuiu.ZyryanovAA.ZyryanovAA.Lab4.V6.Test\Tyuiu.ZyryanovAA.ZyryanovAA.Lab4.V6.Test.csproj", "{F7F0DB4F-C99C-4D1B-BCB5-B643BFAF2C2C}"
EndProject
Project("{2150E333-8FDC-42A3-9474-1A3956D46DE8}") = "Lab5", "Lab5", "{735E1BA5-6A4D-4561-8D30-0E24905DF17F}"
EndProject
Project("{FAE04EC0-301F-11D3-BF4B-00C04F79EFBC}") = "Tyuiu.ZyryanovAA.ConsoleApp.Lab5.V6.Test", "Tyuiu.ZyryanovAA.ConsoleApp.Lab5.V6.Test\Tyuiu.ZyryanovAA.ConsoleApp.Lab5.V6.Test.csproj", "{BD259453-6D43-4D67-AB35-A67EBE349692}"
EndProject
Project("{FAE04EC0-301F-11D3-BF4B-00C04F79EFBC}") = "Tyuiu.ZyryanovAA.ConsoleApp.Lab5.V6.Lib", "Tyuiu.ZyryanovAA.ConsoleApp.Lab5.V6.Lib\Tyuiu.ZyryanovAA.ConsoleApp.Lab5.V6.Lib.csproj", "{9F02058B-32A7-477E-AAB6-E14372F0172A}"
EndProject
Project("{FAE04EC0-301F-11D3-BF4B-00C04F79EFBC}") = "Tyuiu.ZyryanovAA.ConsoleApp.Lab5.V6.1", "Tyuiu.ZyryanovAA.ConsoleApp.Lab5.V6.1\Tyuiu.ZyryanovAA.ConsoleApp.Lab5.V6.1.csproj", "{CCBDD0A2-E642-4E46-898F-1EC16B055EA3}"
EndProject
Project("{2150E333-8FDC-42A3-9474-1A3956D46DE8}") = "Lab6", "Lab6", "{2DADB52F-8975-4D80-B7FD-8DE13D64EB53}"
EndProject
Project("{FAE04EC0-301F-11D3-BF4B-00C04F79EFBC}") = "Tyuiu.ZyryanovAA.ConsoleApp.Lab6.V6.Lib", "Tyuiu.ZyryanovAA.ConsoleApp.Lab6.V6.Lib\Tyuiu.ZyryanovAA.ConsoleApp.Lab6.V6.Lib.csproj", "{DF1F8F55-D68C-4B15-BFD0-0A0FB9C78C67}"
EndProject
Project("{FAE04EC0-301F-11D3-BF4B-00C04F79EFBC}") = "Tyuiu.ZyryanovAA.ConsoleApp.Lab6.V6.Test", "Tyuiu.ZyryanovAA.ConsoleApp.Lab6.V6.Test\Tyuiu.ZyryanovAA.ConsoleApp.Lab6.V6.Test.csproj", "{EC2A40FC-313E-456A-A596-8D695D9899F4}"
EndProject
Project("{FAE04EC0-301F-11D3-BF4B-00C04F79EFBC}") = "Tyuiu.ZyryanovAA.ConsoleApp.Lab6.V6", "Tyuiu.ZyryanovAA.ConsoleApp.Lab6.V6\Tyuiu.ZyryanovAA.ConsoleApp.Lab6.V6.csproj", "{12A9E9A3-1080-497A-807F-6421E833DFAE}"
EndProject
Project("{2150E333-8FDC-42A3-9474-1A3956D46DE8}") = "Lab7", "Lab7", "{D0294CD1-0BC1-4637-A092-590BA154854C}"
EndProject
Project("{FAE04EC0-301F-11D3-BF4B-00C04F79EFBC}") = "Tyuiu.ZyryanovAA.ConsoleApp.Lab7.V6", "Tyuiu.ZyryanovAA.ConsoleApp.Lab7.V6\Tyuiu.ZyryanovAA.ConsoleApp.Lab7.V6.csproj", "{ACC98B31-DE42-4A4B-AF98-2AE153E5FCDE}"
EndProject
Project("{FAE04EC0-301F-11D3-BF4B-00C04F79EFBC}") = "Tyuiu.ZyryanovAA.ConsoleApp.Lab7.V6.Lib", "Tyuiu.ZyryanovAA.ConsoleApp.Lab7.V6.Lib\Tyuiu.ZyryanovAA.ConsoleApp.Lab7.V6.Lib.csproj", "{49391F1B-DB12-479C-A314-683271C3FD57}"
EndProject
Project("{FAE04EC0-301F-11D3-BF4B-00C04F79EFBC}") = "Tyuiu.ZyryanovAA.ConsoleApp.Lab7.V6.Test", "Tyuiu.ZyryanovAA.ConsoleApp.Lab7.V6.Test\Tyuiu.ZyryanovAA.ConsoleApp.Lab7.V6.Test.csproj", "{2BB30C21-1EC9-4A0A-8A30-BF828B35716C}"
EndProject
Global
	GlobalSection(SolutionConfigurationPlatforms) = preSolution
		Debug|Any CPU = Debug|Any CPU
		Release|Any CPU = Release|Any CPU
	EndGlobalSection
	GlobalSection(ProjectConfigurationPlatforms) = postSolution
		{74D5A873-A8CC-4520-B252-71C9E540481D}.Debug|Any CPU.ActiveCfg = Debug|Any CPU
		{74D5A873-A8CC-4520-B252-71C9E540481D}.Debug|Any CPU.Build.0 = Debug|Any CPU
		{74D5A873-A8CC-4520-B252-71C9E540481D}.Release|Any CPU.ActiveCfg = Release|Any CPU
		{74D5A873-A8CC-4520-B252-71C9E540481D}.Release|Any CPU.Build.0 = Release|Any CPU
		{67EFB368-71E9-4503-9831-589BC0DFA361}.Debug|Any CPU.ActiveCfg = Debug|Any CPU
		{67EFB368-71E9-4503-9831-589BC0DFA361}.Debug|Any CPU.Build.0 = Debug|Any CPU
		{67EFB368-71E9-4503-9831-589BC0DFA361}.Release|Any CPU.ActiveCfg = Release|Any CPU
		{67EFB368-71E9-4503-9831-589BC0DFA361}.Release|Any CPU.Build.0 = Release|Any CPU
		{B5CF82D5-8A79-4C02-9B8A-4BB1717F3FB9}.Debug|Any CPU.ActiveCfg = Debug|Any CPU
		{B5CF82D5-8A79-4C02-9B8A-4BB1717F3FB9}.Debug|Any CPU.Build.0 = Debug|Any CPU
		{B5CF82D5-8A79-4C02-9B8A-4BB1717F3FB9}.Release|Any CPU.ActiveCfg = Release|Any CPU
		{B5CF82D5-8A79-4C02-9B8A-4BB1717F3FB9}.Release|Any CPU.Build.0 = Release|Any CPU
		{2A019D42-E70A-4FE8-BA88-96CDA28AA024}.Debug|Any CPU.ActiveCfg = Debug|Any CPU
		{2A019D42-E70A-4FE8-BA88-96CDA28AA024}.Debug|Any CPU.Build.0 = Debug|Any CPU
		{2A019D42-E70A-4FE8-BA88-96CDA28AA024}.Release|Any CPU.ActiveCfg = Release|Any CPU
		{2A019D42-E70A-4FE8-BA88-96CDA28AA024}.Release|Any CPU.Build.0 = Release|Any CPU
		{E4C15644-9F26-4096-8159-710CF840662C}.Debug|Any CPU.ActiveCfg = Debug|Any CPU
		{E4C15644-9F26-4096-8159-710CF840662C}.Debug|Any CPU.Build.0 = Debug|Any CPU
		{E4C15644-9F26-4096-8159-710CF840662C}.Release|Any CPU.ActiveCfg = Release|Any CPU
		{E4C15644-9F26-4096-8159-710CF840662C}.Release|Any CPU.Build.0 = Release|Any CPU
		{F87E078B-E2EC-4CC6-920F-F7055AA30AC3}.Debug|Any CPU.ActiveCfg = Debug|Any CPU
		{F87E078B-E2EC-4CC6-920F-F7055AA30AC3}.Debug|Any CPU.Build.0 = Debug|Any CPU
		{F87E078B-E2EC-4CC6-920F-F7055AA30AC3}.Release|Any CPU.ActiveCfg = Release|Any CPU
		{F87E078B-E2EC-4CC6-920F-F7055AA30AC3}.Release|Any CPU.Build.0 = Release|Any CPU
		{3CDEA206-0B30-4D74-B416-D41C42061685}.Debug|Any CPU.ActiveCfg = Debug|Any CPU
		{3CDEA206-0B30-4D74-B416-D41C42061685}.Debug|Any CPU.Build.0 = Debug|Any CPU
		{3CDEA206-0B30-4D74-B416-D41C42061685}.Release|Any CPU.ActiveCfg = Release|Any CPU
		{3CDEA206-0B30-4D74-B416-D41C42061685}.Release|Any CPU.Build.0 = Release|Any CPU
		{499D170D-E96E-40AA-9C2D-5F4CE2475D6D}.Debug|Any CPU.ActiveCfg = Debug|Any CPU
		{499D170D-E96E-40AA-9C2D-5F4CE2475D6D}.Debug|Any CPU.Build.0 = Debug|Any CPU
		{499D170D-E96E-40AA-9C2D-5F4CE2475D6D}.Release|Any CPU.ActiveCfg = Release|Any CPU
		{499D170D-E96E-40AA-9C2D-5F4CE2475D6D}.Release|Any CPU.Build.0 = Release|Any CPU
		{4C63D3DB-5B8A-4B14-A393-E92C6907462E}.Debug|Any CPU.ActiveCfg = Debug|Any CPU
		{4C63D3DB-5B8A-4B14-A393-E92C6907462E}.Debug|Any CPU.Build.0 = Debug|Any CPU
		{4C63D3DB-5B8A-4B14-A393-E92C6907462E}.Release|Any CPU.ActiveCfg = Release|Any CPU
		{4C63D3DB-5B8A-4B14-A393-E92C6907462E}.Release|Any CPU.Build.0 = Release|Any CPU
		{0A28C8A3-5917-43A4-81C4-F0A6799064D6}.Debug|Any CPU.ActiveCfg = Debug|Any CPU
		{0A28C8A3-5917-43A4-81C4-F0A6799064D6}.Debug|Any CPU.Build.0 = Debug|Any CPU
		{0A28C8A3-5917-43A4-81C4-F0A6799064D6}.Release|Any CPU.ActiveCfg = Release|Any CPU
		{0A28C8A3-5917-43A4-81C4-F0A6799064D6}.Release|Any CPU.Build.0 = Release|Any CPU
		{F13D8731-CD2E-45BD-9DEC-01E1FAFF522E}.Debug|Any CPU.ActiveCfg = Debug|Any CPU
		{F13D8731-CD2E-45BD-9DEC-01E1FAFF522E}.Debug|Any CPU.Build.0 = Debug|Any CPU
		{F13D8731-CD2E-45BD-9DEC-01E1FAFF522E}.Release|Any CPU.ActiveCfg = Release|Any CPU
		{F13D8731-CD2E-45BD-9DEC-01E1FAFF522E}.Release|Any CPU.Build.0 = Release|Any CPU
		{CF7AA80A-850F-4E36-956F-F300AFEEF9BE}.Debug|Any CPU.ActiveCfg = Debug|Any CPU
		{CF7AA80A-850F-4E36-956F-F300AFEEF9BE}.Debug|Any CPU.Build.0 = Debug|Any CPU
		{CF7AA80A-850F-4E36-956F-F300AFEEF9BE}.Release|Any CPU.ActiveCfg = Release|Any CPU
		{CF7AA80A-850F-4E36-956F-F300AFEEF9BE}.Release|Any CPU.Build.0 = Release|Any CPU
		{EB7A3991-B9D3-412B-9D44-B7733757BB64}.Debug|Any CPU.ActiveCfg = Debug|Any CPU
		{EB7A3991-B9D3-412B-9D44-B7733757BB64}.Debug|Any CPU.Build.0 = Debug|Any CPU
		{EB7A3991-B9D3-412B-9D44-B7733757BB64}.Release|Any CPU.ActiveCfg = Release|Any CPU
		{EB7A3991-B9D3-412B-9D44-B7733757BB64}.Release|Any CPU.Build.0 = Release|Any CPU
		{8C619DFC-D244-4C04-B07D-96C69C6AC1FD}.Debug|Any CPU.ActiveCfg = Debug|Any CPU
		{8C619DFC-D244-4C04-B07D-96C69C6AC1FD}.Debug|Any CPU.Build.0 = Debug|Any CPU
		{8C619DFC-D244-4C04-B07D-96C69C6AC1FD}.Release|Any CPU.ActiveCfg = Release|Any CPU
		{8C619DFC-D244-4C04-B07D-96C69C6AC1FD}.Release|Any CPU.Build.0 = Release|Any CPU
		{84CCFFFC-CA73-4BF2-BA22-D185D5B668EA}.Debug|Any CPU.ActiveCfg = Debug|Any CPU
		{84CCFFFC-CA73-4BF2-BA22-D185D5B668EA}.Debug|Any CPU.Build.0 = Debug|Any CPU
		{84CCFFFC-CA73-4BF2-BA22-D185D5B668EA}.Release|Any CPU.ActiveCfg = Release|Any CPU
		{84CCFFFC-CA73-4BF2-BA22-D185D5B668EA}.Release|Any CPU.Build.0 = Release|Any CPU
		{69B6DB22-A6D7-4E6A-93C2-3AE6E230FEE3}.Debug|Any CPU.ActiveCfg = Debug|Any CPU
		{69B6DB22-A6D7-4E6A-93C2-3AE6E230FEE3}.Debug|Any CPU.Build.0 = Debug|Any CPU
		{69B6DB22-A6D7-4E6A-93C2-3AE6E230FEE3}.Release|Any CPU.ActiveCfg = Release|Any CPU
		{69B6DB22-A6D7-4E6A-93C2-3AE6E230FEE3}.Release|Any CPU.Build.0 = Release|Any CPU
		{0633B3DC-209C-4386-BDED-2FC965115702}.Debug|Any CPU.ActiveCfg = Debug|Any CPU
		{0633B3DC-209C-4386-BDED-2FC965115702}.Debug|Any CPU.Build.0 = Debug|Any CPU
		{0633B3DC-209C-4386-BDED-2FC965115702}.Release|Any CPU.ActiveCfg = Release|Any CPU
		{0633B3DC-209C-4386-BDED-2FC965115702}.Release|Any CPU.Build.0 = Release|Any CPU
		{F7F0DB4F-C99C-4D1B-BCB5-B643BFAF2C2C}.Debug|Any CPU.ActiveCfg = Debug|Any CPU
		{F7F0DB4F-C99C-4D1B-BCB5-B643BFAF2C2C}.Debug|Any CPU.Build.0 = Debug|Any CPU
		{F7F0DB4F-C99C-4D1B-BCB5-B643BFAF2C2C}.Release|Any CPU.ActiveCfg = Release|Any CPU
		{F7F0DB4F-C99C-4D1B-BCB5-B643BFAF2C2C}.Release|Any CPU.Build.0 = Release|Any CPU
		{BD259453-6D43-4D67-AB35-A67EBE349692}.Debug|Any CPU.ActiveCfg = Debug|Any CPU
		{BD259453-6D43-4D67-AB35-A67EBE349692}.Debug|Any CPU.Build.0 = Debug|Any CPU
		{BD259453-6D43-4D67-AB35-A67EBE349692}.Release|Any CPU.ActiveCfg = Release|Any CPU
		{BD259453-6D43-4D67-AB35-A67EBE349692}.Release|Any CPU.Build.0 = Release|Any CPU
		{9F02058B-32A7-477E-AAB6-E14372F0172A}.Debug|Any CPU.ActiveCfg = Debug|Any CPU
		{9F02058B-32A7-477E-AAB6-E14372F0172A}.Debug|Any CPU.Build.0 = Debug|Any CPU
		{9F02058B-32A7-477E-AAB6-E14372F0172A}.Release|Any CPU.ActiveCfg = Release|Any CPU
		{9F02058B-32A7-477E-AAB6-E14372F0172A}.Release|Any CPU.Build.0 = Release|Any CPU
		{CCBDD0A2-E642-4E46-898F-1EC16B055EA3}.Debug|Any CPU.ActiveCfg = Debug|Any CPU
		{CCBDD0A2-E642-4E46-898F-1EC16B055EA3}.Debug|Any CPU.Build.0 = Debug|Any CPU
		{CCBDD0A2-E642-4E46-898F-1EC16B055EA3}.Release|Any CPU.ActiveCfg = Release|Any CPU
		{CCBDD0A2-E642-4E46-898F-1EC16B055EA3}.Release|Any CPU.Build.0 = Release|Any CPU
		{DF1F8F55-D68C-4B15-BFD0-0A0FB9C78C67}.Debug|Any CPU.ActiveCfg = Debug|Any CPU
		{DF1F8F55-D68C-4B15-BFD0-0A0FB9C78C67}.Debug|Any CPU.Build.0 = Debug|Any CPU
		{DF1F8F55-D68C-4B15-BFD0-0A0FB9C78C67}.Release|Any CPU.ActiveCfg = Release|Any CPU
		{DF1F8F55-D68C-4B15-BFD0-0A0FB9C78C67}.Release|Any CPU.Build.0 = Release|Any CPU
		{EC2A40FC-313E-456A-A596-8D695D9899F4}.Debug|Any CPU.ActiveCfg = Debug|Any CPU
		{EC2A40FC-313E-456A-A596-8D695D9899F4}.Debug|Any CPU.Build.0 = Debug|Any CPU
		{EC2A40FC-313E-456A-A596-8D695D9899F4}.Release|Any CPU.ActiveCfg = Release|Any CPU
		{EC2A40FC-313E-456A-A596-8D695D9899F4}.Release|Any CPU.Build.0 = Release|Any CPU
		{12A9E9A3-1080-497A-807F-6421E833DFAE}.Debug|Any CPU.ActiveCfg = Debug|Any CPU
		{12A9E9A3-1080-497A-807F-6421E833DFAE}.Debug|Any CPU.Build.0 = Debug|Any CPU
		{12A9E9A3-1080-497A-807F-6421E833DFAE}.Release|Any CPU.ActiveCfg = Release|Any CPU
		{12A9E9A3-1080-497A-807F-6421E833DFAE}.Release|Any CPU.Build.0 = Release|Any CPU
		{ACC98B31-DE42-4A4B-AF98-2AE153E5FCDE}.Debug|Any CPU.ActiveCfg = Debug|Any CPU
		{ACC98B31-DE42-4A4B-AF98-2AE153E5FCDE}.Debug|Any CPU.Build.0 = Debug|Any CPU
		{ACC98B31-DE42-4A4B-AF98-2AE153E5FCDE}.Release|Any CPU.ActiveCfg = Release|Any CPU
		{ACC98B31-DE42-4A4B-AF98-2AE153E5FCDE}.Release|Any CPU.Build.0 = Release|Any CPU
		{49391F1B-DB12-479C-A314-683271C3FD57}.Debug|Any CPU.ActiveCfg = Debug|Any CPU
		{49391F1B-DB12-479C-A314-683271C3FD57}.Debug|Any CPU.Build.0 = Debug|Any CPU
		{49391F1B-DB12-479C-A314-683271C3FD57}.Release|Any CPU.ActiveCfg = Release|Any CPU
		{49391F1B-DB12-479C-A314-683271C3FD57}.Release|Any CPU.Build.0 = Release|Any CPU
		{2BB30C21-1EC9-4A0A-8A30-BF828B35716C}.Debug|Any CPU.ActiveCfg = Debug|Any CPU
		{2BB30C21-1EC9-4A0A-8A30-BF828B35716C}.Debug|Any CPU.Build.0 = Debug|Any CPU
		{2BB30C21-1EC9-4A0A-8A30-BF828B35716C}.Release|Any CPU.ActiveCfg = Release|Any CPU
		{2BB30C21-1EC9-4A0A-8A30-BF828B35716C}.Release|Any CPU.Build.0 = Release|Any CPU
	EndGlobalSection
	GlobalSection(SolutionProperties) = preSolution
		HideSolutionNode = FALSE
	EndGlobalSection
	GlobalSection(NestedProjects) = preSolution
		{74D5A873-A8CC-4520-B252-71C9E540481D} = {A91682EB-9727-46A6-8673-785F68E9BF4F}
		{67EFB368-71E9-4503-9831-589BC0DFA361} = {A91682EB-9727-46A6-8673-785F68E9BF4F}
		{B5CF82D5-8A79-4C02-9B8A-4BB1717F3FB9} = {A91682EB-9727-46A6-8673-785F68E9BF4F}
		{2A019D42-E70A-4FE8-BA88-96CDA28AA024} = {B6A6F720-F58A-4DE9-A253-006A73214B28}
		{E4C15644-9F26-4096-8159-710CF840662C} = {B6A6F720-F58A-4DE9-A253-006A73214B28}
		{F87E078B-E2EC-4CC6-920F-F7055AA30AC3} = {B6A6F720-F58A-4DE9-A253-006A73214B28}
		{3CDEA206-0B30-4D74-B416-D41C42061685} = {CD849A10-5C0C-4D26-8765-583626E6911D}
		{499D170D-E96E-40AA-9C2D-5F4CE2475D6D} = {CD849A10-5C0C-4D26-8765-583626E6911D}
		{4C63D3DB-5B8A-4B14-A393-E92C6907462E} = {CD849A10-5C0C-4D26-8765-583626E6911D}
		{0A28C8A3-5917-43A4-81C4-F0A6799064D6} = {F50580C2-728D-4ACD-A603-863FA14E6770}
		{F13D8731-CD2E-45BD-9DEC-01E1FAFF522E} = {F50580C2-728D-4ACD-A603-863FA14E6770}
		{CF7AA80A-850F-4E36-956F-F300AFEEF9BE} = {F50580C2-728D-4ACD-A603-863FA14E6770}
		{EB7A3991-B9D3-412B-9D44-B7733757BB64} = {F50580C2-728D-4ACD-A603-863FA14E6770}
		{8C619DFC-D244-4C04-B07D-96C69C6AC1FD} = {F50580C2-728D-4ACD-A603-863FA14E6770}
		{84CCFFFC-CA73-4BF2-BA22-D185D5B668EA} = {F50580C2-728D-4ACD-A603-863FA14E6770}
		{69B6DB22-A6D7-4E6A-93C2-3AE6E230FEE3} = {12C5AF76-4EDE-4AD9-AF9B-70C2C7B794BF}
		{0633B3DC-209C-4386-BDED-2FC965115702} = {12C5AF76-4EDE-4AD9-AF9B-70C2C7B794BF}
		{F7F0DB4F-C99C-4D1B-BCB5-B643BFAF2C2C} = {12C5AF76-4EDE-4AD9-AF9B-70C2C7B794BF}
		{BD259453-6D43-4D67-AB35-A67EBE349692} = {735E1BA5-6A4D-4561-8D30-0E24905DF17F}
		{9F02058B-32A7-477E-AAB6-E14372F0172A} = {735E1BA5-6A4D-4561-8D30-0E24905DF17F}
		{CCBDD0A2-E642-4E46-898F-1EC16B055EA3} = {735E1BA5-6A4D-4561-8D30-0E24905DF17F}
		{DF1F8F55-D68C-4B15-BFD0-0A0FB9C78C67} = {2DADB52F-8975-4D80-B7FD-8DE13D64EB53}
		{EC2A40FC-313E-456A-A596-8D695D9899F4} = {2DADB52F-8975-4D80-B7FD-8DE13D64EB53}
		{12A9E9A3-1080-497A-807F-6421E833DFAE} = {2DADB52F-8975-4D80-B7FD-8DE13D64EB53}
		{ACC98B31-DE42-4A4B-AF98-2AE153E5FCDE} = {D0294CD1-0BC1-4637-A092-590BA154854C}
		{49391F1B-DB12-479C-A314-683271C3FD57} = {D0294CD1-0BC1-4637-A092-590BA154854C}
		{2BB30C21-1EC9-4A0A-8A30-BF828B35716C} = {D0294CD1-0BC1-4637-A092-590BA154854C}
	EndGlobalSection
	GlobalSection(ExtensibilityGlobals) = postSolution
		SolutionGuid = {CF4A498F-E29B-43AC-9DD2-4C7214574A5F}
	EndGlobalSection
EndGlobal
